
Microsoft Visual Studio Solution File, Format Version 12.00
# Visual Studio Version 17
VisualStudioVersion = 17.6.33815.320
MinimumVisualStudioVersion = 10.0.40219.1
Project("{9A19103F-16F7-4668-BE54-9A1E7A4F7556}") = "TaskApiV1", "TaskApiV1.csproj", "{623AFAE1-A1C3-4B90-A1F2-E959AF0E3C5A}"
EndProject
Project("{2150E333-8FDC-42A3-9474-1A3956D46DE8}") = "Solution Items", "Solution Items", "{79CAD4EA-069F-4E38-9EAA-20289A4F6F39}"
	ProjectSection(SolutionItems) = preProject
		.editorconfig = .editorconfig
	EndProjectSection
EndProject
Global
	GlobalSection(SolutionConfigurationPlatforms) = preSolution
		Debug|Any CPU = Debug|Any CPU
		Release|Any CPU = Release|Any CPU
	EndGlobalSection
	GlobalSection(ProjectConfigurationPlatforms) = postSolution
		{623AFAE1-A1C3-4B90-A1F2-E959AF0E3C5A}.Debug|Any CPU.ActiveCfg = Debug|Any CPU
		{623AFAE1-A1C3-4B90-A1F2-E959AF0E3C5A}.Debug|Any CPU.Build.0 = Debug|Any CPU
		{623AFAE1-A1C3-4B90-A1F2-E959AF0E3C5A}.Release|Any CPU.ActiveCfg = Release|Any CPU
		{623AFAE1-A1C3-4B90-A1F2-E959AF0E3C5A}.Release|Any CPU.Build.0 = Release|Any CPU
	EndGlobalSection
	GlobalSection(SolutionProperties) = preSolution
		HideSolutionNode = FALSE
	EndGlobalSection
	GlobalSection(ExtensibilityGlobals) = postSolution
		SolutionGuid = {EF01F77E-AAA1-42BB-B81E-345D468135EE}
	EndGlobalSection
EndGlobal
